{
  "version": "4",
  "specifiers": {
    "jsr:@std/assert@1": "1.0.9",
    "jsr:@std/assert@^1.0.9": "1.0.9",
    "jsr:@std/data-structures@^1.0.4": "1.0.4",
    "jsr:@std/expect@*": "1.0.9",
    "jsr:@std/expect@^1.0.9": "1.0.9",
    "jsr:@std/fs@^1.0.6": "1.0.6",
    "jsr:@std/internal@^1.0.5": "1.0.5",
    "jsr:@std/path@^1.0.8": "1.0.8",
    "jsr:@std/testing@*": "1.0.6",
    "jsr:@std/testing@^1.0.6": "1.0.6"
  },
  "jsr": {
    "@std/assert@1.0.9": {
      "integrity": "a9f0c611a869cc791b26f523eec54c7e187aab7932c2c8e8bea0622d13680dcd",
      "dependencies": [
        "jsr:@std/internal"
      ]
    },
    "@std/data-structures@1.0.4": {
      "integrity": "fa0e20c11eb9ba673417450915c750a0001405a784e2a4e0c3725031681684a0"
    },
    "@std/expect@1.0.9": {
      "integrity": "108bb428f17492ac40439479e1dc55fbaae581530e905a8603f97305842a5a01",
      "dependencies": [
        "jsr:@std/assert@^1.0.9",
        "jsr:@std/internal"
      ]
    },
    "@std/fs@1.0.6": {
      "integrity": "42b56e1e41b75583a21d5a37f6a6a27de9f510bcd36c0c85791d685ca0b85fa2",
      "dependencies": [
        "jsr:@std/path"
      ]
    },
    "@std/internal@1.0.5": {
      "integrity": "54a546004f769c1ac9e025abd15a76b6671ddc9687e2313b67376125650dc7ba"
    },
    "@std/path@1.0.8": {
      "integrity": "548fa456bb6a04d3c1a1e7477986b6cffbce95102d0bb447c67c4ee70e0364be"
    },
    "@std/testing@1.0.6": {
      "integrity": "9192ded2d34065f4c959fdc1921fe836770abb9194410c2cc8a0fff4eff5c893",
      "dependencies": [
        "jsr:@std/assert@^1.0.9",
        "jsr:@std/data-structures",
        "jsr:@std/fs",
        "jsr:@std/internal",
        "jsr:@std/path"
      ]
    }
  },
  "workspace": {
    "dependencies": [
      "jsr:@std/expect@^1.0.9",
      "jsr:@std/testing@^1.0.6"
    ]
  }
}
